// !$*UTF8*$!
{
	archiveVersion = 1;
	classes = {
	};
	objectVersion = 56;
	objects = {

/* Begin PBXBuildFile section */
		33B2CC8C2B0E858A0010B9FC /* AppDelegate.swift in Sources */ = {isa = PBXBuildFile; fileRef = 33B2CC8B2B0E858A0010B9FC /* AppDelegate.swift */; };
		33B2CC8E2B0E858A0010B9FC /* SceneDelegate.swift in Sources */ = {isa = PBXBuildFile; fileRef = 33B2CC8D2B0E858A0010B9FC /* SceneDelegate.swift */; };
		33B2CC932B0E858A0010B9FC /* Main.storyboard in Resources */ = {isa = PBXBuildFile; fileRef = 33B2CC912B0E858A0010B9FC /* Main.storyboard */; };
		33B2CC952B0E858B0010B9FC /* Assets.xcassets in Resources */ = {isa = PBXBuildFile; fileRef = 33B2CC942B0E858B0010B9FC /* Assets.xcassets */; };
		33B2CC982B0E858B0010B9FC /* LaunchScreen.storyboard in Resources */ = {isa = PBXBuildFile; fileRef = 33B2CC962B0E858B0010B9FC /* LaunchScreen.storyboard */; };
		33B2CCA22B0E88C70010B9FC /* CallRoomViewController.swift in Sources */ = {isa = PBXBuildFile; fileRef = 33B2CCA12B0E88C70010B9FC /* CallRoomViewController.swift */; };
		33B2CCA82B0E89060010B9FC /* CallRoomModel.swift in Sources */ = {isa = PBXBuildFile; fileRef = 33B2CCA72B0E89060010B9FC /* CallRoomModel.swift */; };
		33B2CCAA2B0E891F0010B9FC /* CallRoomUserWindowsCollectionViewCell.swift in Sources */ = {isa = PBXBuildFile; fileRef = 33B2CCA92B0E891F0010B9FC /* CallRoomUserWindowsCollectionViewCell.swift */; };
		33B2CCAC2B0E892C0010B9FC /* CallRoomViewModel.swift in Sources */ = {isa = PBXBuildFile; fileRef = 33B2CCAB2B0E892C0010B9FC /* CallRoomViewModel.swift */; };
		33B2CCAE2B0EE5E00010B9FC /* CollectionViewLayouts.swift in Sources */ = {isa = PBXBuildFile; fileRef = 33B2CCAD2B0EE5E00010B9FC /* CollectionViewLayouts.swift */; };
/* End PBXBuildFile section */

/* Begin PBXFileReference section */
		33B2CC882B0E858A0010B9FC /* Picsart Academy iOS Task (Suren Poghosyan).app */ = {isa = PBXFileReference; explicitFileType = wrapper.application; includeInIndex = 0; path = "Picsart Academy iOS Task (Suren Poghosyan).app"; sourceTree = BUILT_PRODUCTS_DIR; };
		33B2CC8B2B0E858A0010B9FC /* AppDelegate.swift */ = {isa = PBXFileReference; lastKnownFileType = sourcecode.swift; path = AppDelegate.swift; sourceTree = "<group>"; };
		33B2CC8D2B0E858A0010B9FC /* SceneDelegate.swift */ = {isa = PBXFileReference; lastKnownFileType = sourcecode.swift; path = SceneDelegate.swift; sourceTree = "<group>"; };
		33B2CC922B0E858A0010B9FC /* Base */ = {isa = PBXFileReference; lastKnownFileType = file.storyboard; name = Base; path = Base.lproj/Main.storyboard; sourceTree = "<group>"; };
		33B2CC942B0E858B0010B9FC /* Assets.xcassets */ = {isa = PBXFileReference; lastKnownFileType = folder.assetcatalog; path = Assets.xcassets; sourceTree = "<group>"; };
		33B2CC972B0E858B0010B9FC /* Base */ = {isa = PBXFileReference; lastKnownFileType = file.storyboard; name = Base; path = Base.lproj/LaunchScreen.storyboard; sourceTree = "<group>"; };
		33B2CC992B0E858B0010B9FC /* Info.plist */ = {isa = PBXFileReference; lastKnownFileType = text.plist.xml; path = Info.plist; sourceTree = "<group>"; };
		33B2CCA12B0E88C70010B9FC /* CallRoomViewController.swift */ = {isa = PBXFileReference; lastKnownFileType = sourcecode.swift; path = CallRoomViewController.swift; sourceTree = "<group>"; };
		33B2CCA72B0E89060010B9FC /* CallRoomModel.swift */ = {isa = PBXFileReference; lastKnownFileType = sourcecode.swift; path = CallRoomModel.swift; sourceTree = "<group>"; };
		33B2CCA92B0E891F0010B9FC /* CallRoomUserWindowsCollectionViewCell.swift */ = {isa = PBXFileReference; lastKnownFileType = sourcecode.swift; path = CallRoomUserWindowsCollectionViewCell.swift; sourceTree = "<group>"; };
		33B2CCAB2B0E892C0010B9FC /* CallRoomViewModel.swift */ = {isa = PBXFileReference; lastKnownFileType = sourcecode.swift; path = CallRoomViewModel.swift; sourceTree = "<group>"; };
		33B2CCAD2B0EE5E00010B9FC /* CollectionViewLayouts.swift */ = {isa = PBXFileReference; lastKnownFileType = sourcecode.swift; path = CollectionViewLayouts.swift; sourceTree = "<group>"; };
/* End PBXFileReference section */

/* Begin PBXFrameworksBuildPhase section */
		33B2CC852B0E858A0010B9FC /* Frameworks */ = {
			isa = PBXFrameworksBuildPhase;
			buildActionMask = 2147483647;
			files = (
			);
			runOnlyForDeploymentPostprocessing = 0;
		};
/* End PBXFrameworksBuildPhase section */

/* Begin PBXGroup section */
		33B2CC7F2B0E858A0010B9FC = {
			isa = PBXGroup;
			children = (
				33B2CC8A2B0E858A0010B9FC /* Picsart Academy iOS Task (Suren Poghosyan) */,
				33B2CC892B0E858A0010B9FC /* Products */,
			);
			sourceTree = "<group>";
		};
		33B2CC892B0E858A0010B9FC /* Products */ = {
			isa = PBXGroup;
			children = (
				33B2CC882B0E858A0010B9FC /* Picsart Academy iOS Task (Suren Poghosyan).app */,
			);
			name = Products;
			sourceTree = "<group>";
		};
		33B2CC8A2B0E858A0010B9FC /* Picsart Academy iOS Task (Suren Poghosyan) */ = {
			isa = PBXGroup;
			children = (
				33B2CCA02B0E888F0010B9FC /* CallRoom */,
				33B2CC9F2B0E88880010B9FC /* Application */,
				33B2CC942B0E858B0010B9FC /* Assets.xcassets */,
				33B2CC992B0E858B0010B9FC /* Info.plist */,
			);
			path = "Picsart Academy iOS Task (Suren Poghosyan)";
			sourceTree = "<group>";
		};
		33B2CC9F2B0E88880010B9FC /* Application */ = {
			isa = PBXGroup;
			children = (
				33B2CC8B2B0E858A0010B9FC /* AppDelegate.swift */,
				33B2CC8D2B0E858A0010B9FC /* SceneDelegate.swift */,
				33B2CC912B0E858A0010B9FC /* Main.storyboard */,
				33B2CC962B0E858B0010B9FC /* LaunchScreen.storyboard */,
			);
			path = Application;
			sourceTree = "<group>";
		};
		33B2CCA02B0E888F0010B9FC /* CallRoom */ = {
			isa = PBXGroup;
			children = (
				33B2CCA52B0E88E00010B9FC /* ViewModel */,
				33B2CCA42B0E88DB0010B9FC /* Models */,
				33B2CCA32B0E88CC0010B9FC /* Views */,
			);
			path = CallRoom;
			sourceTree = "<group>";
		};
		33B2CCA32B0E88CC0010B9FC /* Views */ = {
			isa = PBXGroup;
			children = (
				33B2CCA12B0E88C70010B9FC /* CallRoomViewController.swift */,
				33B2CCA92B0E891F0010B9FC /* CallRoomUserWindowsCollectionViewCell.swift */,
			);
			path = Views;
			sourceTree = "<group>";
		};
		33B2CCA42B0E88DB0010B9FC /* Models */ = {
			isa = PBXGroup;
			children = (
				33B2CCA72B0E89060010B9FC /* CallRoomModel.swift */,
				33B2CCAD2B0EE5E00010B9FC /* CollectionViewLayouts.swift */,
			);
			path = Models;
			sourceTree = "<group>";
		};
		33B2CCA52B0E88E00010B9FC /* ViewModel */ = {
			isa = PBXGroup;
			children = (
				33B2CCAB2B0E892C0010B9FC /* CallRoomViewModel.swift */,
			);
			path = ViewModel;
			sourceTree = "<group>";
		};
/* End PBXGroup section */

/* Begin PBXNativeTarget section */
		33B2CC872B0E858A0010B9FC /* Picsart Academy iOS Task (Suren Poghosyan) */ = {
			isa = PBXNativeTarget;
			buildConfigurationList = 33B2CC9C2B0E858B0010B9FC /* Build configuration list for PBXNativeTarget "Picsart Academy iOS Task (Suren Poghosyan)" */;
			buildPhases = (
				33B2CC842B0E858A0010B9FC /* Sources */,
				33B2CC852B0E858A0010B9FC /* Frameworks */,
				33B2CC862B0E858A0010B9FC /* Resources */,
			);
			buildRules = (
			);
			dependencies = (
			);
			name = "Picsart Academy iOS Task (Suren Poghosyan)";
			productName = "Picsart Academy iOS Task (Suren Poghosyan)";
			productReference = 33B2CC882B0E858A0010B9FC /* Picsart Academy iOS Task (Suren Poghosyan).app */;
			productType = "com.apple.product-type.application";
		};
/* End PBXNativeTarget section */

/* Begin PBXProject section */
		33B2CC802B0E858A0010B9FC /* Project object */ = {
			isa = PBXProject;
			attributes = {
				BuildIndependentTargetsInParallel = 1;
				LastSwiftUpdateCheck = 1430;
				LastUpgradeCheck = 1430;
				TargetAttributes = {
					33B2CC872B0E858A0010B9FC = {
						CreatedOnToolsVersion = 14.3.1;
					};
				};
			};
			buildConfigurationList = 33B2CC832B0E858A0010B9FC /* Build configuration list for PBXProject "Picsart Academy iOS Task (Suren Poghosyan)" */;
			compatibilityVersion = "Xcode 14.0";
			developmentRegion = en;
			hasScannedForEncodings = 0;
			knownRegions = (
				en,
				Base,
			);
			mainGroup = 33B2CC7F2B0E858A0010B9FC;
			productRefGroup = 33B2CC892B0E858A0010B9FC /* Products */;
			projectDirPath = "";
			projectRoot = "";
			targets = (
				33B2CC872B0E858A0010B9FC /* Picsart Academy iOS Task (Suren Poghosyan) */,
			);
		};
/* End PBXProject section */

/* Begin PBXResourcesBuildPhase section */
		33B2CC862B0E858A0010B9FC /* Resources */ = {
			isa = PBXResourcesBuildPhase;
			buildActionMask = 2147483647;
			files = (
				33B2CC982B0E858B0010B9FC /* LaunchScreen.storyboard in Resources */,
				33B2CC952B0E858B0010B9FC /* Assets.xcassets in Resources */,
				33B2CC932B0E858A0010B9FC /* Main.storyboard in Resources */,
			);
			runOnlyForDeploymentPostprocessing = 0;
		};
/* End PBXResourcesBuildPhase section */

/* Begin PBXSourcesBuildPhase section */
		33B2CC842B0E858A0010B9FC /* Sources */ = {
			isa = PBXSourcesBuildPhase;
			buildActionMask = 2147483647;
			files = (
				33B2CC8C2B0E858A0010B9FC /* AppDelegate.swift in Sources */,
				33B2CCA82B0E89060010B9FC /* CallRoomModel.swift in Sources */,
				33B2CCAE2B0EE5E00010B9FC /* CollectionViewLayouts.swift in Sources */,
				33B2CCA22B0E88C70010B9FC /* CallRoomViewController.swift in Sources */,
				33B2CCAA2B0E891F0010B9FC /* CallRoomUserWindowsCollectionViewCell.swift in Sources */,
				33B2CC8E2B0E858A0010B9FC /* SceneDelegate.swift in Sources */,
				33B2CCAC2B0E892C0010B9FC /* CallRoomViewModel.swift in Sources */,
			);
			runOnlyForDeploymentPostprocessing = 0;
		};
/* End PBXSourcesBuildPhase section */

/* Begin PBXVariantGroup section */
		33B2CC912B0E858A0010B9FC /* Main.storyboard */ = {
			isa = PBXVariantGroup;
			children = (
				33B2CC922B0E858A0010B9FC /* Base */,
			);
			name = Main.storyboard;
			sourceTree = "<group>";
		};
		33B2CC962B0E858B0010B9FC /* LaunchScreen.storyboard */ = {
			isa = PBXVariantGroup;
			children = (
				33B2CC972B0E858B0010B9FC /* Base */,
			);
			name = LaunchScreen.storyboard;
			sourceTree = "<group>";
		};
/* End PBXVariantGroup section */

/* Begin XCBuildConfiguration section */
		33B2CC9A2B0E858B0010B9FC /* Debug */ = {
			isa = XCBuildConfiguration;
			buildSettings = {
				ALWAYS_SEARCH_USER_PATHS = NO;
				CLANG_ANALYZER_NONNULL = YES;
				CLANG_ANALYZER_NUMBER_OBJECT_CONVERSION = YES_AGGRESSIVE;
				CLANG_CXX_LANGUAGE_STANDARD = "gnu++20";
				CLANG_ENABLE_MODULES = YES;
				CLANG_ENABLE_OBJC_ARC = YES;
				CLANG_ENABLE_OBJC_WEAK = YES;
				CLANG_WARN_BLOCK_CAPTURE_AUTORELEASING = YES;
				CLANG_WARN_BOOL_CONVERSION = YES;
				CLANG_WARN_COMMA = YES;
				CLANG_WARN_CONSTANT_CONVERSION = YES;
				CLANG_WARN_DEPRECATED_OBJC_IMPLEMENTATIONS = YES;
				CLANG_WARN_DIRECT_OBJC_ISA_USAGE = YES_ERROR;
				CLANG_WARN_DOCUMENTATION_COMMENTS = YES;
				CLANG_WARN_EMPTY_BODY = YES;
				CLANG_WARN_ENUM_CONVERSION = YES;
				CLANG_WARN_INFINITE_RECURSION = YES;
				CLANG_WARN_INT_CONVERSION = YES;
				CLANG_WARN_NON_LITERAL_NULL_CONVERSION = YES;
				CLANG_WARN_OBJC_IMPLICIT_RETAIN_SELF = YES;
				CLANG_WARN_OBJC_LITERAL_CONVERSION = YES;
				CLANG_WARN_OBJC_ROOT_CLASS = YES_ERROR;
				CLANG_WARN_QUOTED_INCLUDE_IN_FRAMEWORK_HEADER = YES;
				CLANG_WARN_RANGE_LOOP_ANALYSIS = YES;
				CLANG_WARN_STRICT_PROTOTYPES = YES;
				CLANG_WARN_SUSPICIOUS_MOVE = YES;
				CLANG_WARN_UNGUARDED_AVAILABILITY = YES_AGGRESSIVE;
				CLANG_WARN_UNREACHABLE_CODE = YES;
				CLANG_WARN__DUPLICATE_METHOD_MATCH = YES;
				COPY_PHASE_STRIP = NO;
				DEBUG_INFORMATION_FORMAT = dwarf;
				ENABLE_STRICT_OBJC_MSGSEND = YES;
				ENABLE_TESTABILITY = YES;
				GCC_C_LANGUAGE_STANDARD = gnu11;
				GCC_DYNAMIC_NO_PIC = NO;
				GCC_NO_COMMON_BLOCKS = YES;
				GCC_OPTIMIZATION_LEVEL = 0;
				GCC_PREPROCESSOR_DEFINITIONS = (
					"DEBUG=1",
					"$(inherited)",
				);
				GCC_WARN_64_TO_32_BIT_CONVERSION = YES;
				GCC_WARN_ABOUT_RETURN_TYPE = YES_ERROR;
				GCC_WARN_UNDECLARED_SELECTOR = YES;
				GCC_WARN_UNINITIALIZED_AUTOS = YES_AGGRESSIVE;
				GCC_WARN_UNUSED_FUNCTION = YES;
				GCC_WARN_UNUSED_VARIABLE = YES;
				IPHONEOS_DEPLOYMENT_TARGET = 16.4;
				MTL_ENABLE_DEBUG_INFO = INCLUDE_SOURCE;
				MTL_FAST_MATH = YES;
				ONLY_ACTIVE_ARCH = YES;
				SDKROOT = iphoneos;
				SWIFT_ACTIVE_COMPILATION_CONDITIONS = DEBUG;
				SWIFT_OPTIMIZATION_LEVEL = "-Onone";
			};
			name = Debug;
		};
		33B2CC9B2B0E858B0010B9FC /* Release */ = {
			isa = XCBuildConfiguration;
			buildSettings = {
				ALWAYS_SEARCH_USER_PATHS = NO;
				CLANG_ANALYZER_NONNULL = YES;
				CLANG_ANALYZER_NUMBER_OBJECT_CONVERSION = YES_AGGRESSIVE;
				CLANG_CXX_LANGUAGE_STANDARD = "gnu++20";
				CLANG_ENABLE_MODULES = YES;
				CLANG_ENABLE_OBJC_ARC = YES;
				CLANG_ENABLE_OBJC_WEAK = YES;
				CLANG_WARN_BLOCK_CAPTURE_AUTORELEASING = YES;
				CLANG_WARN_BOOL_CONVERSION = YES;
				CLANG_WARN_COMMA = YES;
				CLANG_WARN_CONSTANT_CONVERSION = YES;
				CLANG_WARN_DEPRECATED_OBJC_IMPLEMENTATIONS = YES;
				CLANG_WARN_DIRECT_OBJC_ISA_USAGE = YES_ERROR;
				CLANG_WARN_DOCUMENTATION_COMMENTS = YES;
				CLANG_WARN_EMPTY_BODY = YES;
				CLANG_WARN_ENUM_CONVERSION = YES;
				CLANG_WARN_INFINITE_RECURSION = YES;
				CLANG_WARN_INT_CONVERSION = YES;
				CLANG_WARN_NON_LITERAL_NULL_CONVERSION = YES;
				CLANG_WARN_OBJC_IMPLICIT_RETAIN_SELF = YES;
				CLANG_WARN_OBJC_LITERAL_CONVERSION = YES;
				CLANG_WARN_OBJC_ROOT_CLASS = YES_ERROR;
				CLANG_WARN_QUOTED_INCLUDE_IN_FRAMEWORK_HEADER = YES;
				CLANG_WARN_RANGE_LOOP_ANALYSIS = YES;
				CLANG_WARN_STRICT_PROTOTYPES = YES;
				CLANG_WARN_SUSPICIOUS_MOVE = YES;
				CLANG_WARN_UNGUARDED_AVAILABILITY = YES_AGGRESSIVE;
				CLANG_WARN_UNREACHABLE_CODE = YES;
				CLANG_WARN__DUPLICATE_METHOD_MATCH = YES;
				COPY_PHASE_STRIP = NO;
				DEBUG_INFORMATION_FORMAT = "dwarf-with-dsym";
				ENABLE_NS_ASSERTIONS = NO;
				ENABLE_STRICT_OBJC_MSGSEND = YES;
				GCC_C_LANGUAGE_STANDARD = gnu11;
				GCC_NO_COMMON_BLOCKS = YES;
				GCC_WARN_64_TO_32_BIT_CONVERSION = YES;
				GCC_WARN_ABOUT_RETURN_TYPE = YES_ERROR;
				GCC_WARN_UNDECLARED_SELECTOR = YES;
				GCC_WARN_UNINITIALIZED_AUTOS = YES_AGGRESSIVE;
				GCC_WARN_UNUSED_FUNCTION = YES;
				GCC_WARN_UNUSED_VARIABLE = YES;
				IPHONEOS_DEPLOYMENT_TARGET = 16.4;
				MTL_ENABLE_DEBUG_INFO = NO;
				MTL_FAST_MATH = YES;
				SDKROOT = iphoneos;
				SWIFT_COMPILATION_MODE = wholemodule;
				SWIFT_OPTIMIZATION_LEVEL = "-O";
				VALIDATE_PRODUCT = YES;
			};
			name = Release;
		};
		33B2CC9D2B0E858B0010B9FC /* Debug */ = {
			isa = XCBuildConfiguration;
			buildSettings = {
				ASSETCATALOG_COMPILER_APPICON_NAME = AppIcon;
				ASSETCATALOG_COMPILER_GLOBAL_ACCENT_COLOR_NAME = AccentColor;
				CODE_SIGN_STYLE = Automatic;
				CURRENT_PROJECT_VERSION = 1;
				DEVELOPMENT_TEAM = SZF3LG898Y;
				GENERATE_INFOPLIST_FILE = YES;
				INFOPLIST_FILE = "Picsart Academy iOS Task (Suren Poghosyan)/Info.plist";
				INFOPLIST_KEY_UIApplicationSupportsIndirectInputEvents = YES;
				INFOPLIST_KEY_UILaunchStoryboardName = LaunchScreen;
				INFOPLIST_KEY_UIMainStoryboardFile = Main;
				INFOPLIST_KEY_UISupportedInterfaceOrientations_iPad = "UIInterfaceOrientationPortrait UIInterfaceOrientationPortraitUpsideDown UIInterfaceOrientationLandscapeLeft UIInterfaceOrientationLandscapeRight";
				INFOPLIST_KEY_UISupportedInterfaceOrientations_iPhone = "UIInterfaceOrientationPortrait UIInterfaceOrientationLandscapeLeft UIInterfaceOrientationLandscapeRight";
				LD_RUNPATH_SEARCH_PATHS = (
					"$(inherited)",
					"@executable_path/Frameworks",
				);
				MARKETING_VERSION = 1.0;
				PRODUCT_BUNDLE_IDENTIFIER = "xetpyrc.Picsart-Academy-iOS-Task--Suren-Poghosyan-";
				PRODUCT_NAME = "$(TARGET_NAME)";
				SWIFT_EMIT_LOC_STRINGS = YES;
				SWIFT_VERSION = 5.0;
				TARGETED_DEVICE_FAMILY = "1,2";
			};
			name = Debug;
		};
		33B2CC9E2B0E858B0010B9FC /* Release */ = {
			isa = XCBuildConfiguration;
			buildSettings = {
				ASSETCATALOG_COMPILER_APPICON_NAME = AppIcon;
				ASSETCATALOG_COMPILER_GLOBAL_ACCENT_COLOR_NAME = AccentColor;
				CODE_SIGN_STYLE = Automatic;
				CURRENT_PROJECT_VERSION = 1;
				DEVELOPMENT_TEAM = SZF3LG898Y;
				GENERATE_INFOPLIST_FILE = YES;
				INFOPLIST_FILE = "Picsart Academy iOS Task (Suren Poghosyan)/Info.plist";
				INFOPLIST_KEY_UIApplicationSupportsIndirectInputEvents = YES;
				INFOPLIST_KEY_UILaunchStoryboardName = LaunchScreen;
				INFOPLIST_KEY_UIMainStoryboardFile = Main;
				INFOPLIST_KEY_UISupportedInterfaceOrientations_iPad = "UIInterfaceOrientationPortrait UIInterfaceOrientationPortraitUpsideDown UIInterfaceOrientationLandscapeLeft UIInterfaceOrientationLandscapeRight";
				INFOPLIST_KEY_UISupportedInterfaceOrientations_iPhone = "UIInterfaceOrientationPortrait UIInterfaceOrientationLandscapeLeft UIInterfaceOrientationLandscapeRight";
				LD_RUNPATH_SEARCH_PATHS = (
					"$(inherited)",
					"@executable_path/Frameworks",
				);
				MARKETING_VERSION = 1.0;
				PRODUCT_BUNDLE_IDENTIFIER = "xetpyrc.Picsart-Academy-iOS-Task--Suren-Poghosyan-";
				PRODUCT_NAME = "$(TARGET_NAME)";
				SWIFT_EMIT_LOC_STRINGS = YES;
				SWIFT_VERSION = 5.0;
				TARGETED_DEVICE_FAMILY = "1,2";
			};
			name = Release;
		};
/* End XCBuildConfiguration section */

/* Begin XCConfigurationList section */
		33B2CC832B0E858A0010B9FC /* Build configuration list for PBXProject "Picsart Academy iOS Task (Suren Poghosyan)" */ = {
			isa = XCConfigurationList;
			buildConfigurations = (
				33B2CC9A2B0E858B0010B9FC /* Debug */,
				33B2CC9B2B0E858B0010B9FC /* Release */,
			);
			defaultConfigurationIsVisible = 0;
			defaultConfigurationName = Release;
		};
		33B2CC9C2B0E858B0010B9FC /* Build configuration list for PBXNativeTarget "Picsart Academy iOS Task (Suren Poghosyan)" */ = {
			isa = XCConfigurationList;
			buildConfigurations = (
				33B2CC9D2B0E858B0010B9FC /* Debug */,
				33B2CC9E2B0E858B0010B9FC /* Release */,
			);
			defaultConfigurationIsVisible = 0;
			defaultConfigurationName = Release;
		};
/* End XCConfigurationList section */
	};
	rootObject = 33B2CC802B0E858A0010B9FC /* Project object */;
}
